
Microsoft Visual Studio Solution File, Format Version 12.00
# Visual Studio 15
VisualStudioVersion = 15.0.28307.421
MinimumVisualStudioVersion = 10.0.40219.1
Project("{FAE04EC0-301F-11D3-BF4B-00C04F79EFBC}") = "QueueLibrary", "QueueLibrary\QueueLibrary.csproj", "{62B1ABE2-77CD-4A1B-9512-A80BDD2543A0}"
EndProject
Project("{FAE04EC0-301F-11D3-BF4B-00C04F79EFBC}") = "ArrayLibrary", "ArrayLibrary\ArrayLibrary.csproj", "{FD4B6B8B-3EA5-4D7D-A245-33F3CF3E03C8}"
EndProject
Global
	GlobalSection(SolutionConfigurationPlatforms) = preSolution
		Debug|Any CPU = Debug|Any CPU
		Release|Any CPU = Release|Any CPU
	EndGlobalSection
	GlobalSection(ProjectConfigurationPlatforms) = postSolution
		{62B1ABE2-77CD-4A1B-9512-A80BDD2543A0}.Debug|Any CPU.ActiveCfg = Debug|Any CPU
		{62B1ABE2-77CD-4A1B-9512-A80BDD2543A0}.Debug|Any CPU.Build.0 = Debug|Any CPU
		{62B1ABE2-77CD-4A1B-9512-A80BDD2543A0}.Release|Any CPU.ActiveCfg = Release|Any CPU
		{62B1ABE2-77CD-4A1B-9512-A80BDD2543A0}.Release|Any CPU.Build.0 = Release|Any CPU
		{FD4B6B8B-3EA5-4D7D-A245-33F3CF3E03C8}.Debug|Any CPU.ActiveCfg = Debug|Any CPU
		{FD4B6B8B-3EA5-4D7D-A245-33F3CF3E03C8}.Debug|Any CPU.Build.0 = Debug|Any CPU
		{FD4B6B8B-3EA5-4D7D-A245-33F3CF3E03C8}.Release|Any CPU.ActiveCfg = Release|Any CPU
		{FD4B6B8B-3EA5-4D7D-A245-33F3CF3E03C8}.Release|Any CPU.Build.0 = Release|Any CPU
	EndGlobalSection
	GlobalSection(SolutionProperties) = preSolution
		HideSolutionNode = FALSE
	EndGlobalSection
	GlobalSection(ExtensibilityGlobals) = postSolution
		SolutionGuid = {A278E71A-8D47-4655-B4A3-E74A686E21A5}
	EndGlobalSection
EndGlobal
