
Microsoft Visual Studio Solution File, Format Version 12.00
# Visual Studio 15
VisualStudioVersion = 15.0.28307.421
MinimumVisualStudioVersion = 10.0.40219.1
Project("{FAE04EC0-301F-11D3-BF4B-00C04F79EFBC}") = "WorkWithNumber2Part", "WorkWithNumber2Part\WorkWithNumber2Part.csproj", "{148F1E0E-82F8-4E6B-A6F0-4D4AE14CBC09}"
EndProject
Project("{FAE04EC0-301F-11D3-BF4B-00C04F79EFBC}") = "Tests", "Tests\Tests.csproj", "{94860921-400B-4E6B-8F3B-192E33E74C6B}"
EndProject
Global
	GlobalSection(SolutionConfigurationPlatforms) = preSolution
		Debug|Any CPU = Debug|Any CPU
		Release|Any CPU = Release|Any CPU
	EndGlobalSection
	GlobalSection(ProjectConfigurationPlatforms) = postSolution
		{148F1E0E-82F8-4E6B-A6F0-4D4AE14CBC09}.Debug|Any CPU.ActiveCfg = Debug|Any CPU
		{148F1E0E-82F8-4E6B-A6F0-4D4AE14CBC09}.Debug|Any CPU.Build.0 = Debug|Any CPU
		{148F1E0E-82F8-4E6B-A6F0-4D4AE14CBC09}.Release|Any CPU.ActiveCfg = Release|Any CPU
		{148F1E0E-82F8-4E6B-A6F0-4D4AE14CBC09}.Release|Any CPU.Build.0 = Release|Any CPU
		{94860921-400B-4E6B-8F3B-192E33E74C6B}.Debug|Any CPU.ActiveCfg = Debug|Any CPU
		{94860921-400B-4E6B-8F3B-192E33E74C6B}.Debug|Any CPU.Build.0 = Debug|Any CPU
		{94860921-400B-4E6B-8F3B-192E33E74C6B}.Release|Any CPU.ActiveCfg = Release|Any CPU
		{94860921-400B-4E6B-8F3B-192E33E74C6B}.Release|Any CPU.Build.0 = Release|Any CPU
	EndGlobalSection
	GlobalSection(SolutionProperties) = preSolution
		HideSolutionNode = FALSE
	EndGlobalSection
	GlobalSection(ExtensibilityGlobals) = postSolution
		SolutionGuid = {A31734C6-8FE6-4BD8-AED2-7C871E583C77}
	EndGlobalSection
EndGlobal
