
Microsoft Visual Studio Solution File, Format Version 12.00
# Visual Studio 15
VisualStudioVersion = 15.0.28307.421
MinimumVisualStudioVersion = 10.0.40219.1
Project("{9A19103F-16F7-4668-BE54-9A1E7A4F7556}") = "WorkWithNumbers", "WorkWithNumbers\WorkWithNumbers.csproj", "{B5587D1F-C1CB-4C14-A139-56EA6F68E901}"
EndProject
Project("{FAE04EC0-301F-11D3-BF4B-00C04F79EFBC}") = "Test", "Test\Test.csproj", "{B6E438CB-ADD6-4900-89BF-F867FA24381D}"
EndProject
Global
	GlobalSection(SolutionConfigurationPlatforms) = preSolution
		Debug|Any CPU = Debug|Any CPU
		Release|Any CPU = Release|Any CPU
	EndGlobalSection
	GlobalSection(ProjectConfigurationPlatforms) = postSolution
		{B5587D1F-C1CB-4C14-A139-56EA6F68E901}.Debug|Any CPU.ActiveCfg = Debug|Any CPU
		{B5587D1F-C1CB-4C14-A139-56EA6F68E901}.Debug|Any CPU.Build.0 = Debug|Any CPU
		{B5587D1F-C1CB-4C14-A139-56EA6F68E901}.Release|Any CPU.ActiveCfg = Release|Any CPU
		{B5587D1F-C1CB-4C14-A139-56EA6F68E901}.Release|Any CPU.Build.0 = Release|Any CPU
		{B6E438CB-ADD6-4900-89BF-F867FA24381D}.Debug|Any CPU.ActiveCfg = Debug|Any CPU
		{B6E438CB-ADD6-4900-89BF-F867FA24381D}.Debug|Any CPU.Build.0 = Debug|Any CPU
		{B6E438CB-ADD6-4900-89BF-F867FA24381D}.Release|Any CPU.ActiveCfg = Release|Any CPU
		{B6E438CB-ADD6-4900-89BF-F867FA24381D}.Release|Any CPU.Build.0 = Release|Any CPU
	EndGlobalSection
	GlobalSection(SolutionProperties) = preSolution
		HideSolutionNode = FALSE
	EndGlobalSection
	GlobalSection(ExtensibilityGlobals) = postSolution
		SolutionGuid = {D03C8FC9-94B5-4F22-B83D-FF1609D7DEBF}
	EndGlobalSection
EndGlobal
